
Microsoft Visual Studio Solution File, Format Version 12.00
# Visual Studio Version 17
VisualStudioVersion = 17.6.33829.357
MinimumVisualStudioVersion = 10.0.40219.1
Project("{FAE04EC0-301F-11D3-BF4B-00C04F79EFBC}") = "SimpleWinFormsApp", "SimpleWinFormsApp\SimpleWinFormsApp.csproj", "{1FFA4ED9-6B5C-4822-A2B6-135DFAA57081}"
EndProject
Global
	GlobalSection(SolutionConfigurationPlatforms) = preSolution
		Debug|Any CPU = Debug|Any CPU
		Release|Any CPU = Release|Any CPU
	EndGlobalSection
	GlobalSection(ProjectConfigurationPlatforms) = postSolution
		{1FFA4ED9-6B5C-4822-A2B6-135DFAA57081}.Debug|Any CPU.ActiveCfg = Debug|Any CPU
		{1FFA4ED9-6B5C-4822-A2B6-135DFAA57081}.Debug|Any CPU.Build.0 = Debug|Any CPU
		{1FFA4ED9-6B5C-4822-A2B6-135DFAA57081}.Release|Any CPU.ActiveCfg = Release|Any CPU
		{1FFA4ED9-6B5C-4822-A2B6-135DFAA57081}.Release|Any CPU.Build.0 = Release|Any CPU
	EndGlobalSection
	GlobalSection(SolutionProperties) = preSolution
		HideSolutionNode = FALSE
	EndGlobalSection
	GlobalSection(ExtensibilityGlobals) = postSolution
		SolutionGuid = {341EE569-6BE1-4C26-901C-5FE907EA1639}
	EndGlobalSection
EndGlobal
