
Microsoft Visual Studio Solution File, Format Version 12.00
# Visual Studio Version 17
VisualStudioVersion = 17.6.33829.357
MinimumVisualStudioVersion = 10.0.40219.1
Project("{FAE04EC0-301F-11D3-BF4B-00C04F79EFBC}") = "CsharpMultithreading", "CsharpMultithreading\CsharpMultithreading.csproj", "{4376A997-1971-498A-BE9D-EF44DB920B49}"
EndProject
Global
	GlobalSection(SolutionConfigurationPlatforms) = preSolution
		Debug|Any CPU = Debug|Any CPU
		Release|Any CPU = Release|Any CPU
	EndGlobalSection
	GlobalSection(ProjectConfigurationPlatforms) = postSolution
		{4376A997-1971-498A-BE9D-EF44DB920B49}.Debug|Any CPU.ActiveCfg = Debug|Any CPU
		{4376A997-1971-498A-BE9D-EF44DB920B49}.Debug|Any CPU.Build.0 = Debug|Any CPU
		{4376A997-1971-498A-BE9D-EF44DB920B49}.Release|Any CPU.ActiveCfg = Release|Any CPU
		{4376A997-1971-498A-BE9D-EF44DB920B49}.Release|Any CPU.Build.0 = Release|Any CPU
	EndGlobalSection
	GlobalSection(SolutionProperties) = preSolution
		HideSolutionNode = FALSE
	EndGlobalSection
	GlobalSection(ExtensibilityGlobals) = postSolution
		SolutionGuid = {14384C26-B3B2-4B62-B77D-49DE97E70AA2}
	EndGlobalSection
EndGlobal
